
Microsoft Visual Studio Solution File, Format Version 12.00
# Visual Studio Version 17
VisualStudioVersion = 17.8.34330.188
MinimumVisualStudioVersion = 10.0.40219.1
Project("{9A19103F-16F7-4668-BE54-9A1E7A4F7556}") = "WhatDidIEatAPIv2", "WhatDidIEatAPIv2\WhatDidIEatAPIv2.csproj", "{A282E877-2197-483F-B2BA-FA81E76111E9}"
EndProject
Project("{FAE04EC0-301F-11D3-BF4B-00C04F79EFBC}") = "WhatDidIEatAPIv2.Tests", "WhatDidIEatAPIv2.Tests\WhatDidIEatAPIv2.Tests.csproj", "{46F364DB-43D3-490C-9C1E-C08EF7D79E1F}"
EndProject
Global
	GlobalSection(SolutionConfigurationPlatforms) = preSolution
		Debug|Any CPU = Debug|Any CPU
		Release|Any CPU = Release|Any CPU
	EndGlobalSection
	GlobalSection(ProjectConfigurationPlatforms) = postSolution
		{A282E877-2197-483F-B2BA-FA81E76111E9}.Debug|Any CPU.ActiveCfg = Debug|Any CPU
		{A282E877-2197-483F-B2BA-FA81E76111E9}.Debug|Any CPU.Build.0 = Debug|Any CPU
		{A282E877-2197-483F-B2BA-FA81E76111E9}.Release|Any CPU.ActiveCfg = Release|Any CPU
		{A282E877-2197-483F-B2BA-FA81E76111E9}.Release|Any CPU.Build.0 = Release|Any CPU
		{46F364DB-43D3-490C-9C1E-C08EF7D79E1F}.Debug|Any CPU.ActiveCfg = Debug|Any CPU
		{46F364DB-43D3-490C-9C1E-C08EF7D79E1F}.Debug|Any CPU.Build.0 = Debug|Any CPU
		{46F364DB-43D3-490C-9C1E-C08EF7D79E1F}.Release|Any CPU.ActiveCfg = Release|Any CPU
		{46F364DB-43D3-490C-9C1E-C08EF7D79E1F}.Release|Any CPU.Build.0 = Release|Any CPU
	EndGlobalSection
	GlobalSection(SolutionProperties) = preSolution
		HideSolutionNode = FALSE
	EndGlobalSection
	GlobalSection(ExtensibilityGlobals) = postSolution
		SolutionGuid = {F13D590D-6056-41BA-A1D2-CF75B124DBAC}
	EndGlobalSection
EndGlobal
